
Microsoft Visual Studio Solution File, Format Version 12.00
# Visual Studio Version 17
VisualStudioVersion = 17.7.34031.279
MinimumVisualStudioVersion = 10.0.40219.1
Project("{8BC9CEB8-8B4A-11D0-8D11-00A0C91BC942}") = "tic-tac-toe", "tic-tac-toe\tic-tac-toe.vcxproj", "{870699A2-0DCC-460E-8C9C-45C633943BAB}"
	ProjectSection(ProjectDependencies) = postProject
		{BF213CE3-03AF-4F6F-9C70-6C515C89438B} = {BF213CE3-03AF-4F6F-9C70-6C515C89438B}
	EndProjectSection
EndProject
Project("{8BC9CEB8-8B4A-11D0-8D11-00A0C91BC942}") = "logic", "logic\logic.vcxproj", "{BF213CE3-03AF-4F6F-9C70-6C515C89438B}"
EndProject
Global
	GlobalSection(SolutionConfigurationPlatforms) = preSolution
		Debug|x64 = Debug|x64
		Debug|x86 = Debug|x86
		Release|x64 = Release|x64
		Release|x86 = Release|x86
	EndGlobalSection
	GlobalSection(ProjectConfigurationPlatforms) = postSolution
		{870699A2-0DCC-460E-8C9C-45C633943BAB}.Debug|x64.ActiveCfg = Debug|x64
		{870699A2-0DCC-460E-8C9C-45C633943BAB}.Debug|x64.Build.0 = Debug|x64
		{870699A2-0DCC-460E-8C9C-45C633943BAB}.Debug|x86.ActiveCfg = Debug|Win32
		{870699A2-0DCC-460E-8C9C-45C633943BAB}.Debug|x86.Build.0 = Debug|Win32
		{870699A2-0DCC-460E-8C9C-45C633943BAB}.Release|x64.ActiveCfg = Release|x64
		{870699A2-0DCC-460E-8C9C-45C633943BAB}.Release|x64.Build.0 = Release|x64
		{870699A2-0DCC-460E-8C9C-45C633943BAB}.Release|x86.ActiveCfg = Release|Win32
		{870699A2-0DCC-460E-8C9C-45C633943BAB}.Release|x86.Build.0 = Release|Win32
		{BF213CE3-03AF-4F6F-9C70-6C515C89438B}.Debug|x64.ActiveCfg = Debug|x64
		{BF213CE3-03AF-4F6F-9C70-6C515C89438B}.Debug|x64.Build.0 = Debug|x64
		{BF213CE3-03AF-4F6F-9C70-6C515C89438B}.Debug|x86.ActiveCfg = Debug|Win32
		{BF213CE3-03AF-4F6F-9C70-6C515C89438B}.Debug|x86.Build.0 = Debug|Win32
		{BF213CE3-03AF-4F6F-9C70-6C515C89438B}.Release|x64.ActiveCfg = Release|x64
		{BF213CE3-03AF-4F6F-9C70-6C515C89438B}.Release|x64.Build.0 = Release|x64
		{BF213CE3-03AF-4F6F-9C70-6C515C89438B}.Release|x86.ActiveCfg = Release|Win32
		{BF213CE3-03AF-4F6F-9C70-6C515C89438B}.Release|x86.Build.0 = Release|Win32
	EndGlobalSection
	GlobalSection(SolutionProperties) = preSolution
		HideSolutionNode = FALSE
	EndGlobalSection
	GlobalSection(ExtensibilityGlobals) = postSolution
		SolutionGuid = {557C06D9-62DA-4DC7-849E-84A5D71C216F}
	EndGlobalSection
EndGlobal
